// !$*UTF8*$!
{
	archiveVersion = 1;
	classes = {
	};
	objectVersion = 46;
	objects = {

/* Begin PBXBuildFile section */
		BEA7BA9F1D8B01E5005D2D21 /* AppDelegate.swift in Sources */ = {isa = PBXBuildFile; fileRef = BEA7BA9E1D8B01E5005D2D21 /* AppDelegate.swift */; };
		BEA7BAA11D8B01E5005D2D21 /* ViewController.swift in Sources */ = {isa = PBXBuildFile; fileRef = BEA7BAA01D8B01E5005D2D21 /* ViewController.swift */; };
		BEA7BAA41D8B01E5005D2D21 /* Main.storyboard in Resources */ = {isa = PBXBuildFile; fileRef = BEA7BAA21D8B01E5005D2D21 /* Main.storyboard */; };
		BEA7BAA71D8B01E5005D2D21 /* AnyPOI.xcdatamodeld in Sources */ = {isa = PBXBuildFile; fileRef = BEA7BAA51D8B01E5005D2D21 /* AnyPOI.xcdatamodeld */; };
		BEA7BAA91D8B01E5005D2D21 /* Assets.xcassets in Resources */ = {isa = PBXBuildFile; fileRef = BEA7BAA81D8B01E5005D2D21 /* Assets.xcassets */; };
		BEA7BAAC1D8B01E5005D2D21 /* LaunchScreen.storyboard in Resources */ = {isa = PBXBuildFile; fileRef = BEA7BAAA1D8B01E5005D2D21 /* LaunchScreen.storyboard */; };
		BEA7BAB71D8B01E5005D2D21 /* AnyPOITests.swift in Sources */ = {isa = PBXBuildFile; fileRef = BEA7BAB61D8B01E5005D2D21 /* AnyPOITests.swift */; };
		BEA7BAC21D8B01E5005D2D21 /* AnyPOIUITests.swift in Sources */ = {isa = PBXBuildFile; fileRef = BEA7BAC11D8B01E5005D2D21 /* AnyPOIUITests.swift */; };
/* End PBXBuildFile section */

/* Begin PBXContainerItemProxy section */
		BEA7BAB31D8B01E5005D2D21 /* PBXContainerItemProxy */ = {
			isa = PBXContainerItemProxy;
			containerPortal = BEA7BA931D8B01E5005D2D21 /* Project object */;
			proxyType = 1;
			remoteGlobalIDString = BEA7BA9A1D8B01E5005D2D21;
			remoteInfo = AnyPOI;
		};
		BEA7BABE1D8B01E5005D2D21 /* PBXContainerItemProxy */ = {
			isa = PBXContainerItemProxy;
			containerPortal = BEA7BA931D8B01E5005D2D21 /* Project object */;
			proxyType = 1;
			remoteGlobalIDString = BEA7BA9A1D8B01E5005D2D21;
			remoteInfo = AnyPOI;
		};
/* End PBXContainerItemProxy section */

/* Begin PBXFileReference section */
		BEA7BA9B1D8B01E5005D2D21 /* AnyPOI.app */ = {isa = PBXFileReference; explicitFileType = wrapper.application; includeInIndex = 0; path = AnyPOI.app; sourceTree = BUILT_PRODUCTS_DIR; };
		BEA7BA9E1D8B01E5005D2D21 /* AppDelegate.swift */ = {isa = PBXFileReference; lastKnownFileType = sourcecode.swift; path = AppDelegate.swift; sourceTree = "<group>"; };
		BEA7BAA01D8B01E5005D2D21 /* ViewController.swift */ = {isa = PBXFileReference; lastKnownFileType = sourcecode.swift; path = ViewController.swift; sourceTree = "<group>"; };
		BEA7BAA31D8B01E5005D2D21 /* Base */ = {isa = PBXFileReference; lastKnownFileType = file.storyboard; name = Base; path = Base.lproj/Main.storyboard; sourceTree = "<group>"; };
		BEA7BAA61D8B01E5005D2D21 /* AnyPOI.xcdatamodel */ = {isa = PBXFileReference; lastKnownFileType = wrapper.xcdatamodel; path = AnyPOI.xcdatamodel; sourceTree = "<group>"; };
		BEA7BAA81D8B01E5005D2D21 /* Assets.xcassets */ = {isa = PBXFileReference; lastKnownFileType = folder.assetcatalog; path = Assets.xcassets; sourceTree = "<group>"; };
		BEA7BAAB1D8B01E5005D2D21 /* Base */ = {isa = PBXFileReference; lastKnownFileType = file.storyboard; name = Base; path = Base.lproj/LaunchScreen.storyboard; sourceTree = "<group>"; };
		BEA7BAAD1D8B01E5005D2D21 /* Info.plist */ = {isa = PBXFileReference; lastKnownFileType = text.plist.xml; path = Info.plist; sourceTree = "<group>"; };
		BEA7BAB21D8B01E5005D2D21 /* AnyPOITests.xctest */ = {isa = PBXFileReference; explicitFileType = wrapper.cfbundle; includeInIndex = 0; path = AnyPOITests.xctest; sourceTree = BUILT_PRODUCTS_DIR; };
		BEA7BAB61D8B01E5005D2D21 /* AnyPOITests.swift */ = {isa = PBXFileReference; lastKnownFileType = sourcecode.swift; path = AnyPOITests.swift; sourceTree = "<group>"; };
		BEA7BAB81D8B01E5005D2D21 /* Info.plist */ = {isa = PBXFileReference; lastKnownFileType = text.plist.xml; path = Info.plist; sourceTree = "<group>"; };
		BEA7BABD1D8B01E5005D2D21 /* AnyPOIUITests.xctest */ = {isa = PBXFileReference; explicitFileType = wrapper.cfbundle; includeInIndex = 0; path = AnyPOIUITests.xctest; sourceTree = BUILT_PRODUCTS_DIR; };
		BEA7BAC11D8B01E5005D2D21 /* AnyPOIUITests.swift */ = {isa = PBXFileReference; lastKnownFileType = sourcecode.swift; path = AnyPOIUITests.swift; sourceTree = "<group>"; };
		BEA7BAC31D8B01E5005D2D21 /* Info.plist */ = {isa = PBXFileReference; lastKnownFileType = text.plist.xml; path = Info.plist; sourceTree = "<group>"; };
/* End PBXFileReference section */

/* Begin PBXFrameworksBuildPhase section */
		BEA7BA981D8B01E5005D2D21 /* Frameworks */ = {
			isa = PBXFrameworksBuildPhase;
			buildActionMask = 2147483647;
			files = (
			);
			runOnlyForDeploymentPostprocessing = 0;
		};
		BEA7BAAF1D8B01E5005D2D21 /* Frameworks */ = {
			isa = PBXFrameworksBuildPhase;
			buildActionMask = 2147483647;
			files = (
			);
			runOnlyForDeploymentPostprocessing = 0;
		};
		BEA7BABA1D8B01E5005D2D21 /* Frameworks */ = {
			isa = PBXFrameworksBuildPhase;
			buildActionMask = 2147483647;
			files = (
			);
			runOnlyForDeploymentPostprocessing = 0;
		};
/* End PBXFrameworksBuildPhase section */

/* Begin PBXGroup section */
		BEA7BA921D8B01E5005D2D21 = {
			isa = PBXGroup;
			children = (
				BEA7BA9D1D8B01E5005D2D21 /* AnyPOI */,
				BEA7BAB51D8B01E5005D2D21 /* AnyPOITests */,
				BEA7BAC01D8B01E5005D2D21 /* AnyPOIUITests */,
				BEA7BA9C1D8B01E5005D2D21 /* Products */,
			);
			sourceTree = "<group>";
		};
		BEA7BA9C1D8B01E5005D2D21 /* Products */ = {
			isa = PBXGroup;
			children = (
				BEA7BA9B1D8B01E5005D2D21 /* AnyPOI.app */,
				BEA7BAB21D8B01E5005D2D21 /* AnyPOITests.xctest */,
				BEA7BABD1D8B01E5005D2D21 /* AnyPOIUITests.xctest */,
			);
			name = Products;
			sourceTree = "<group>";
		};
		BEA7BA9D1D8B01E5005D2D21 /* AnyPOI */ = {
			isa = PBXGroup;
			children = (
				BEA7BA9E1D8B01E5005D2D21 /* AppDelegate.swift */,
				BEA7BAA01D8B01E5005D2D21 /* ViewController.swift */,
				BEA7BAA21D8B01E5005D2D21 /* Main.storyboard */,
				BEA7BAA81D8B01E5005D2D21 /* Assets.xcassets */,
				BEA7BAAA1D8B01E5005D2D21 /* LaunchScreen.storyboard */,
				BEA7BAAD1D8B01E5005D2D21 /* Info.plist */,
				BEA7BAA51D8B01E5005D2D21 /* AnyPOI.xcdatamodeld */,
			);
			path = AnyPOI;
			sourceTree = "<group>";
		};
		BEA7BAB51D8B01E5005D2D21 /* AnyPOITests */ = {
			isa = PBXGroup;
			children = (
				BEA7BAB61D8B01E5005D2D21 /* AnyPOITests.swift */,
				BEA7BAB81D8B01E5005D2D21 /* Info.plist */,
			);
			path = AnyPOITests;
			sourceTree = "<group>";
		};
		BEA7BAC01D8B01E5005D2D21 /* AnyPOIUITests */ = {
			isa = PBXGroup;
			children = (
				BEA7BAC11D8B01E5005D2D21 /* AnyPOIUITests.swift */,
				BEA7BAC31D8B01E5005D2D21 /* Info.plist */,
			);
			path = AnyPOIUITests;
			sourceTree = "<group>";
		};
/* End PBXGroup section */

/* Begin PBXNativeTarget section */
		BEA7BA9A1D8B01E5005D2D21 /* AnyPOI */ = {
			isa = PBXNativeTarget;
			buildConfigurationList = BEA7BAC61D8B01E5005D2D21 /* Build configuration list for PBXNativeTarget "AnyPOI" */;
			buildPhases = (
				BEA7BA971D8B01E5005D2D21 /* Sources */,
				BEA7BA981D8B01E5005D2D21 /* Frameworks */,
				BEA7BA991D8B01E5005D2D21 /* Resources */,
			);
			buildRules = (
			);
			dependencies = (
			);
			name = AnyPOI;
			productName = AnyPOI;
			productReference = BEA7BA9B1D8B01E5005D2D21 /* AnyPOI.app */;
			productType = "com.apple.product-type.application";
		};
		BEA7BAB11D8B01E5005D2D21 /* AnyPOITests */ = {
			isa = PBXNativeTarget;
			buildConfigurationList = BEA7BAC91D8B01E5005D2D21 /* Build configuration list for PBXNativeTarget "AnyPOITests" */;
			buildPhases = (
				BEA7BAAE1D8B01E5005D2D21 /* Sources */,
				BEA7BAAF1D8B01E5005D2D21 /* Frameworks */,
				BEA7BAB01D8B01E5005D2D21 /* Resources */,
			);
			buildRules = (
			);
			dependencies = (
				BEA7BAB41D8B01E5005D2D21 /* PBXTargetDependency */,
			);
			name = AnyPOITests;
			productName = AnyPOITests;
			productReference = BEA7BAB21D8B01E5005D2D21 /* AnyPOITests.xctest */;
			productType = "com.apple.product-type.bundle.unit-test";
		};
		BEA7BABC1D8B01E5005D2D21 /* AnyPOIUITests */ = {
			isa = PBXNativeTarget;
			buildConfigurationList = BEA7BACC1D8B01E5005D2D21 /* Build configuration list for PBXNativeTarget "AnyPOIUITests" */;
			buildPhases = (
				BEA7BAB91D8B01E5005D2D21 /* Sources */,
				BEA7BABA1D8B01E5005D2D21 /* Frameworks */,
				BEA7BABB1D8B01E5005D2D21 /* Resources */,
			);
			buildRules = (
			);
			dependencies = (
				BEA7BABF1D8B01E5005D2D21 /* PBXTargetDependency */,
			);
			name = AnyPOIUITests;
			productName = AnyPOIUITests;
			productReference = BEA7BABD1D8B01E5005D2D21 /* AnyPOIUITests.xctest */;
			productType = "com.apple.product-type.bundle.ui-testing";
		};
/* End PBXNativeTarget section */

/* Begin PBXProject section */
		BEA7BA931D8B01E5005D2D21 /* Project object */ = {
			isa = PBXProject;
			attributes = {
				LastSwiftUpdateCheck = 0730;
				LastUpgradeCheck = 0730;
				ORGANIZATIONNAME = "Sébastien Brugalières";
				TargetAttributes = {
					BEA7BA9A1D8B01E5005D2D21 = {
						CreatedOnToolsVersion = 7.3.1;
					};
					BEA7BAB11D8B01E5005D2D21 = {
						CreatedOnToolsVersion = 7.3.1;
						TestTargetID = BEA7BA9A1D8B01E5005D2D21;
					};
					BEA7BABC1D8B01E5005D2D21 = {
						CreatedOnToolsVersion = 7.3.1;
						TestTargetID = BEA7BA9A1D8B01E5005D2D21;
					};
				};
			};
			buildConfigurationList = BEA7BA961D8B01E5005D2D21 /* Build configuration list for PBXProject "AnyPOI" */;
			compatibilityVersion = "Xcode 3.2";
			developmentRegion = English;
			hasScannedForEncodings = 0;
			knownRegions = (
				en,
				Base,
			);
			mainGroup = BEA7BA921D8B01E5005D2D21;
			productRefGroup = BEA7BA9C1D8B01E5005D2D21 /* Products */;
			projectDirPath = "";
			projectRoot = "";
			targets = (
				BEA7BA9A1D8B01E5005D2D21 /* AnyPOI */,
				BEA7BAB11D8B01E5005D2D21 /* AnyPOITests */,
				BEA7BABC1D8B01E5005D2D21 /* AnyPOIUITests */,
			);
		};
/* End PBXProject section */

/* Begin PBXResourcesBuildPhase section */
		BEA7BA991D8B01E5005D2D21 /* Resources */ = {
			isa = PBXResourcesBuildPhase;
			buildActionMask = 2147483647;
			files = (
				BEA7BAAC1D8B01E5005D2D21 /* LaunchScreen.storyboard in Resources */,
				BEA7BAA91D8B01E5005D2D21 /* Assets.xcassets in Resources */,
				BEA7BAA41D8B01E5005D2D21 /* Main.storyboard in Resources */,
			);
			runOnlyForDeploymentPostprocessing = 0;
		};
		BEA7BAB01D8B01E5005D2D21 /* Resources */ = {
			isa = PBXResourcesBuildPhase;
			buildActionMask = 2147483647;
			files = (
			);
			runOnlyForDeploymentPostprocessing = 0;
		};
		BEA7BABB1D8B01E5005D2D21 /* Resources */ = {
			isa = PBXResourcesBuildPhase;
			buildActionMask = 2147483647;
			files = (
			);
			runOnlyForDeploymentPostprocessing = 0;
		};
/* End PBXResourcesBuildPhase section */

/* Begin PBXSourcesBuildPhase section */
		BEA7BA971D8B01E5005D2D21 /* Sources */ = {
			isa = PBXSourcesBuildPhase;
			buildActionMask = 2147483647;
			files = (
				BEA7BAA71D8B01E5005D2D21 /* AnyPOI.xcdatamodeld in Sources */,
				BEA7BAA11D8B01E5005D2D21 /* ViewController.swift in Sources */,
				BEA7BA9F1D8B01E5005D2D21 /* AppDelegate.swift in Sources */,
			);
			runOnlyForDeploymentPostprocessing = 0;
		};
		BEA7BAAE1D8B01E5005D2D21 /* Sources */ = {
			isa = PBXSourcesBuildPhase;
			buildActionMask = 2147483647;
			files = (
				BEA7BAB71D8B01E5005D2D21 /* AnyPOITests.swift in Sources */,
			);
			runOnlyForDeploymentPostprocessing = 0;
		};
		BEA7BAB91D8B01E5005D2D21 /* Sources */ = {
			isa = PBXSourcesBuildPhase;
			buildActionMask = 2147483647;
			files = (
				BEA7BAC21D8B01E5005D2D21 /* AnyPOIUITests.swift in Sources */,
			);
			runOnlyForDeploymentPostprocessing = 0;
		};
/* End PBXSourcesBuildPhase section */

/* Begin PBXTargetDependency section */
		BEA7BAB41D8B01E5005D2D21 /* PBXTargetDependency */ = {
			isa = PBXTargetDependency;
			target = BEA7BA9A1D8B01E5005D2D21 /* AnyPOI */;
			targetProxy = BEA7BAB31D8B01E5005D2D21 /* PBXContainerItemProxy */;
		};
		BEA7BABF1D8B01E5005D2D21 /* PBXTargetDependency */ = {
			isa = PBXTargetDependency;
			target = BEA7BA9A1D8B01E5005D2D21 /* AnyPOI */;
			targetProxy = BEA7BABE1D8B01E5005D2D21 /* PBXContainerItemProxy */;
		};
/* End PBXTargetDependency section */

/* Begin PBXVariantGroup section */
		BEA7BAA21D8B01E5005D2D21 /* Main.storyboard */ = {
			isa = PBXVariantGroup;
			children = (
				BEA7BAA31D8B01E5005D2D21 /* Base */,
			);
			name = Main.storyboard;
			sourceTree = "<group>";
		};
		BEA7BAAA1D8B01E5005D2D21 /* LaunchScreen.storyboard */ = {
			isa = PBXVariantGroup;
			children = (
				BEA7BAAB1D8B01E5005D2D21 /* Base */,
			);
			name = LaunchScreen.storyboard;
			sourceTree = "<group>";
		};
/* End PBXVariantGroup section */

/* Begin XCBuildConfiguration section */
		BEA7BAC41D8B01E5005D2D21 /* Debug */ = {
			isa = XCBuildConfiguration;
			buildSettings = {
				ALWAYS_SEARCH_USER_PATHS = NO;
				CLANG_ANALYZER_NONNULL = YES;
				CLANG_CXX_LANGUAGE_STANDARD = "gnu++0x";
				CLANG_CXX_LIBRARY = "libc++";
				CLANG_ENABLE_MODULES = YES;
				CLANG_ENABLE_OBJC_ARC = YES;
				CLANG_WARN_BOOL_CONVERSION = YES;
				CLANG_WARN_CONSTANT_CONVERSION = YES;
				CLANG_WARN_DIRECT_OBJC_ISA_USAGE = YES_ERROR;
				CLANG_WARN_EMPTY_BODY = YES;
				CLANG_WARN_ENUM_CONVERSION = YES;
				CLANG_WARN_INT_CONVERSION = YES;
				CLANG_WARN_OBJC_ROOT_CLASS = YES_ERROR;
				CLANG_WARN_UNREACHABLE_CODE = YES;
				CLANG_WARN__DUPLICATE_METHOD_MATCH = YES;
				"CODE_SIGN_IDENTITY[sdk=iphoneos*]" = "iPhone Developer";
				COPY_PHASE_STRIP = NO;
				DEBUG_INFORMATION_FORMAT = dwarf;
				ENABLE_STRICT_OBJC_MSGSEND = YES;
				ENABLE_TESTABILITY = YES;
				GCC_C_LANGUAGE_STANDARD = gnu99;
				GCC_DYNAMIC_NO_PIC = NO;
				GCC_NO_COMMON_BLOCKS = YES;
				GCC_OPTIMIZATION_LEVEL = 0;
				GCC_PREPROCESSOR_DEFINITIONS = (
					"DEBUG=1",
					"$(inherited)",
				);
				GCC_WARN_64_TO_32_BIT_CONVERSION = YES;
				GCC_WARN_ABOUT_RETURN_TYPE = YES_ERROR;
				GCC_WARN_UNDECLARED_SELECTOR = YES;
				GCC_WARN_UNINITIALIZED_AUTOS = YES_AGGRESSIVE;
				GCC_WARN_UNUSED_FUNCTION = YES;
				GCC_WARN_UNUSED_VARIABLE = YES;
				IPHONEOS_DEPLOYMENT_TARGET = 9.3;
				MTL_ENABLE_DEBUG_INFO = YES;
				ONLY_ACTIVE_ARCH = YES;
				SDKROOT = iphoneos;
				SWIFT_OPTIMIZATION_LEVEL = "-Onone";
				TARGETED_DEVICE_FAMILY = "1,2";
			};
			name = Debug;
		};
		BEA7BAC51D8B01E5005D2D21 /* Release */ = {
			isa = XCBuildConfiguration;
			buildSettings = {
				ALWAYS_SEARCH_USER_PATHS = NO;
				CLANG_ANALYZER_NONNULL = YES;
				CLANG_CXX_LANGUAGE_STANDARD = "gnu++0x";
				CLANG_CXX_LIBRARY = "libc++";
				CLANG_ENABLE_MODULES = YES;
				CLANG_ENABLE_OBJC_ARC = YES;
				CLANG_WARN_BOOL_CONVERSION = YES;
				CLANG_WARN_CONSTANT_CONVERSION = YES;
				CLANG_WARN_DIRECT_OBJC_ISA_USAGE = YES_ERROR;
				CLANG_WARN_EMPTY_BODY = YES;
				CLANG_WARN_ENUM_CONVERSION = YES;
				CLANG_WARN_INT_CONVERSION = YES;
				CLANG_WARN_OBJC_ROOT_CLASS = YES_ERROR;
				CLANG_WARN_UNREACHABLE_CODE = YES;
				CLANG_WARN__DUPLICATE_METHOD_MATCH = YES;
				"CODE_SIGN_IDENTITY[sdk=iphoneos*]" = "iPhone Developer";
				COPY_PHASE_STRIP = NO;
				DEBUG_INFORMATION_FORMAT = "dwarf-with-dsym";
				ENABLE_NS_ASSERTIONS = NO;
				ENABLE_STRICT_OBJC_MSGSEND = YES;
				GCC_C_LANGUAGE_STANDARD = gnu99;
				GCC_NO_COMMON_BLOCKS = YES;
				GCC_WARN_64_TO_32_BIT_CONVERSION = YES;
				GCC_WARN_ABOUT_RETURN_TYPE = YES_ERROR;
				GCC_WARN_UNDECLARED_SELECTOR = YES;
				GCC_WARN_UNINITIALIZED_AUTOS = YES_AGGRESSIVE;
				GCC_WARN_UNUSED_FUNCTION = YES;
				GCC_WARN_UNUSED_VARIABLE = YES;
				IPHONEOS_DEPLOYMENT_TARGET = 9.3;
				MTL_ENABLE_DEBUG_INFO = NO;
				SDKROOT = iphoneos;
				TARGETED_DEVICE_FAMILY = "1,2";
				VALIDATE_PRODUCT = YES;
			};
			name = Release;
		};
		BEA7BAC71D8B01E5005D2D21 /* Debug */ = {
			isa = XCBuildConfiguration;
			buildSettings = {
				ASSETCATALOG_COMPILER_APPICON_NAME = AppIcon;
				INFOPLIST_FILE = AnyPOI/Info.plist;
				LD_RUNPATH_SEARCH_PATHS = "$(inherited) @executable_path/Frameworks";
				PRODUCT_BUNDLE_IDENTIFIER = com.sebastien.AnyPOI;
				PRODUCT_NAME = "$(TARGET_NAME)";
			};
			name = Debug;
		};
		BEA7BAC81D8B01E5005D2D21 /* Release */ = {
			isa = XCBuildConfiguration;
			buildSettings = {
				ASSETCATALOG_COMPILER_APPICON_NAME = AppIcon;
				INFOPLIST_FILE = AnyPOI/Info.plist;
				LD_RUNPATH_SEARCH_PATHS = "$(inherited) @executable_path/Frameworks";
				PRODUCT_BUNDLE_IDENTIFIER = com.sebastien.AnyPOI;
				PRODUCT_NAME = "$(TARGET_NAME)";
			};
			name = Release;
		};
		BEA7BACA1D8B01E5005D2D21 /* Debug */ = {
			isa = XCBuildConfiguration;
			buildSettings = {
				BUNDLE_LOADER = "$(TEST_HOST)";
				INFOPLIST_FILE = AnyPOITests/Info.plist;
				LD_RUNPATH_SEARCH_PATHS = "$(inherited) @executable_path/Frameworks @loader_path/Frameworks";
				PRODUCT_BUNDLE_IDENTIFIER = com.sebastien.AnyPOITests;
				PRODUCT_NAME = "$(TARGET_NAME)";
				TEST_HOST = "$(BUILT_PRODUCTS_DIR)/AnyPOI.app/AnyPOI";
			};
			name = Debug;
		};
		BEA7BACB1D8B01E5005D2D21 /* Release */ = {
			isa = XCBuildConfiguration;
			buildSettings = {
				BUNDLE_LOADER = "$(TEST_HOST)";
				INFOPLIST_FILE = AnyPOITests/Info.plist;
				LD_RUNPATH_SEARCH_PATHS = "$(inherited) @executable_path/Frameworks @loader_path/Frameworks";
				PRODUCT_BUNDLE_IDENTIFIER = com.sebastien.AnyPOITests;
				PRODUCT_NAME = "$(TARGET_NAME)";
				TEST_HOST = "$(BUILT_PRODUCTS_DIR)/AnyPOI.app/AnyPOI";
			};
			name = Release;
		};
		BEA7BACD1D8B01E5005D2D21 /* Debug */ = {
			isa = XCBuildConfiguration;
			buildSettings = {
				INFOPLIST_FILE = AnyPOIUITests/Info.plist;
				LD_RUNPATH_SEARCH_PATHS = "$(inherited) @executable_path/Frameworks @loader_path/Frameworks";
				PRODUCT_BUNDLE_IDENTIFIER = com.sebastien.AnyPOIUITests;
				PRODUCT_NAME = "$(TARGET_NAME)";
				TEST_TARGET_NAME = AnyPOI;
			};
			name = Debug;
		};
		BEA7BACE1D8B01E5005D2D21 /* Release */ = {
			isa = XCBuildConfiguration;
			buildSettings = {
				INFOPLIST_FILE = AnyPOIUITests/Info.plist;
				LD_RUNPATH_SEARCH_PATHS = "$(inherited) @executable_path/Frameworks @loader_path/Frameworks";
				PRODUCT_BUNDLE_IDENTIFIER = com.sebastien.AnyPOIUITests;
				PRODUCT_NAME = "$(TARGET_NAME)";
				TEST_TARGET_NAME = AnyPOI;
			};
			name = Release;
		};
/* End XCBuildConfiguration section */

/* Begin XCConfigurationList section */
		BEA7BA961D8B01E5005D2D21 /* Build configuration list for PBXProject "AnyPOI" */ = {
			isa = XCConfigurationList;
			buildConfigurations = (
				BEA7BAC41D8B01E5005D2D21 /* Debug */,
				BEA7BAC51D8B01E5005D2D21 /* Release */,
			);
			defaultConfigurationIsVisible = 0;
			defaultConfigurationName = Release;
		};
		BEA7BAC61D8B01E5005D2D21 /* Build configuration list for PBXNativeTarget "AnyPOI" */ = {
			isa = XCConfigurationList;
			buildConfigurations = (
				BEA7BAC71D8B01E5005D2D21 /* Debug */,
				BEA7BAC81D8B01E5005D2D21 /* Release */,
			);
			defaultConfigurationIsVisible = 0;
		};
		BEA7BAC91D8B01E5005D2D21 /* Build configuration list for PBXNativeTarget "AnyPOITests" */ = {
			isa = XCConfigurationList;
			buildConfigurations = (
				BEA7BACA1D8B01E5005D2D21 /* Debug */,
				BEA7BACB1D8B01E5005D2D21 /* Release */,
			);
			defaultConfigurationIsVisible = 0;
		};
		BEA7BACC1D8B01E5005D2D21 /* Build configuration list for PBXNativeTarget "AnyPOIUITests" */ = {
			isa = XCConfigurationList;
			buildConfigurations = (
				BEA7BACD1D8B01E5005D2D21 /* Debug */,
				BEA7BACE1D8B01E5005D2D21 /* Release */,
			);
			defaultConfigurationIsVisible = 0;
		};
/* End XCConfigurationList section */

/* Begin XCVersionGroup section */
		BEA7BAA51D8B01E5005D2D21 /* AnyPOI.xcdatamodeld */ = {
			isa = XCVersionGroup;
			children = (
				BEA7BAA61D8B01E5005D2D21 /* AnyPOI.xcdatamodel */,
			);
			currentVersion = BEA7BAA61D8B01E5005D2D21 /* AnyPOI.xcdatamodel */;
			path = AnyPOI.xcdatamodeld;
			sourceTree = "<group>";
			versionGroupType = wrapper.xcdatamodel;
		};
/* End XCVersionGroup section */
	};
	rootObject = BEA7BA931D8B01E5005D2D21 /* Project object */;
}
